Microsoft Visual Studio Solution File, Format Version 11.00
# Visual Studio 2019

Project("{8BC9CEB8-8B4A-11D0-8D11-00A0C91BC942}") = "ThaiBasil - Standalone Plugin", "ThaiBasil_StandalonePlugin.vcxproj", "{68EE6F27-6791-8891-62C2-6C812C4DE2A0}"
	ProjectSection(ProjectDependencies) = postProject
		{266FB6ED-9A34-4926-35D2-F0FEACF0D7E0} = {266FB6ED-9A34-4926-35D2-F0FEACF0D7E0}
	EndProjectSection
EndProject
Project("{8BC9CEB8-8B4A-11D0-8D11-00A0C91BC942}") = "ThaiBasil - VST", "ThaiBasil_VST.vcxproj", "{38589C6B-C38C-0A01-8B1D-267EEB64C13E}"
	ProjectSection(ProjectDependencies) = postProject
		{266FB6ED-9A34-4926-35D2-F0FEACF0D7E0} = {266FB6ED-9A34-4926-35D2-F0FEACF0D7E0}
	EndProjectSection
EndProject
Project("{8BC9CEB8-8B4A-11D0-8D11-00A0C91BC942}") = "ThaiBasil - VST3", "ThaiBasil_VST3.vcxproj", "{82AE477B-53A2-87DA-DB44-2024734DF9AD}"
	ProjectSection(ProjectDependencies) = postProject
		{266FB6ED-9A34-4926-35D2-F0FEACF0D7E0} = {266FB6ED-9A34-4926-35D2-F0FEACF0D7E0}
	EndProjectSection
EndProject
Project("{8BC9CEB8-8B4A-11D0-8D11-00A0C91BC942}") = "ThaiBasil - Shared Code", "ThaiBasil_SharedCode.vcxproj", "{266FB6ED-9A34-4926-35D2-F0FEACF0D7E0}"
EndProject
Global
	GlobalSection(SolutionConfigurationPlatforms) = preSolution
		Debug|x64 = Debug|x64
		Release|x64 = Release|x64
	EndGlobalSection
	GlobalSection(ProjectConfigurationPlatforms) = postSolution
		{38589C6B-C38C-0A01-8B1D-267EEB64C13E}.Debug|x64.ActiveCfg = Debug|x64
		{38589C6B-C38C-0A01-8B1D-267EEB64C13E}.Debug|x64.Build.0 = Debug|x64
		{38589C6B-C38C-0A01-8B1D-267EEB64C13E}.Release|x64.ActiveCfg = Release|x64
		{38589C6B-C38C-0A01-8B1D-267EEB64C13E}.Release|x64.Build.0 = Release|x64
		{82AE477B-53A2-87DA-DB44-2024734DF9AD}.Debug|x64.ActiveCfg = Debug|x64
		{82AE477B-53A2-87DA-DB44-2024734DF9AD}.Debug|x64.Build.0 = Debug|x64
		{82AE477B-53A2-87DA-DB44-2024734DF9AD}.Release|x64.ActiveCfg = Release|x64
		{82AE477B-53A2-87DA-DB44-2024734DF9AD}.Release|x64.Build.0 = Release|x64
		{68EE6F27-6791-8891-62C2-6C812C4DE2A0}.Debug|x64.ActiveCfg = Debug|x64
		{68EE6F27-6791-8891-62C2-6C812C4DE2A0}.Debug|x64.Build.0 = Debug|x64
		{68EE6F27-6791-8891-62C2-6C812C4DE2A0}.Release|x64.ActiveCfg = Release|x64
		{68EE6F27-6791-8891-62C2-6C812C4DE2A0}.Release|x64.Build.0 = Release|x64
		{266FB6ED-9A34-4926-35D2-F0FEACF0D7E0}.Debug|x64.ActiveCfg = Debug|x64
		{266FB6ED-9A34-4926-35D2-F0FEACF0D7E0}.Debug|x64.Build.0 = Debug|x64
		{266FB6ED-9A34-4926-35D2-F0FEACF0D7E0}.Release|x64.ActiveCfg = Release|x64
		{266FB6ED-9A34-4926-35D2-F0FEACF0D7E0}.Release|x64.Build.0 = Release|x64
	EndGlobalSection
	GlobalSection(SolutionProperties) = preSolution
		HideSolutionNode = FALSE
	EndGlobalSection
EndGlobal
